PODS:
  - EmojiPicker (1.1)
  - KAPinField (5.0.2)
  - PhoneNumberKit (3.3.4):
    - PhoneNumberKit/PhoneNumberKitCore (= 3.3.4)
    - PhoneNumberKit/UIKit (= 3.3.4)
  - PhoneNumberKit/PhoneNumberKitCore (3.3.4)
  - PhoneNumberKit/UIKit (3.3.4):
    - PhoneNumberKit/PhoneNumberKitCore

DEPENDENCIES:
  - EmojiPicker (= 1.1)
  - KAPinField (= 5.0.2)
  - PhoneNumberKit

SPEC REPOS:
  trunk:
    - EmojiPicker
    - KAPinField
    - PhoneNumberKit

SPEC CHECKSUMS:
  EmojiPicker: 7d9cb698a2983501c0fa800e759dd7744638a0b9
  KAPinField: b7c0a68a3887f3a1c42446bfc4cbf76d5abf0f4f
  PhoneNumberKit: 441e8b26ec88d598e3591de9061eff18f5dd12e8

PODFILE CHECKSUM: 3a260d776283362dc4f38b8a255ddca7c6fc6ca6

COCOAPODS: 1.11.3
