PODS:
  - EmojiPicker (1.1)
  - KAPinField (5.0.2)
  - KeychainSwift (20.0.0)
  - PhoneNumberKit (3.3.4):
    - PhoneNumberKit/PhoneNumberKitCore (= 3.3.4)
    - PhoneNumberKit/UIKit (= 3.3.4)
  - PhoneNumberKit/PhoneNumberKitCore (3.3.4)
  - PhoneNumberKit/UIKit (3.3.4):
    - PhoneNumberKit/PhoneNumberKitCore
  - RadioGroup (1.4.4):
    - SweeterSwift
  - SweeterSwift (1.2.1)

DEPENDENCIES:
  - EmojiPicker (= 1.1)
  - KAPinField (= 5.0.2)
  - KeychainSwift (~> 20.0)
  - PhoneNumberKit
  - RadioGroup

SPEC REPOS:
  trunk:
    - EmojiPicker
    - KAPinField
    - KeychainSwift
    - PhoneNumberKit
    - RadioGroup
    - SweeterSwift

SPEC CHECKSUMS:
  EmojiPicker: 7d9cb698a2983501c0fa800e759dd7744638a0b9
  KAPinField: b7c0a68a3887f3a1c42446bfc4cbf76d5abf0f4f
  KeychainSwift: 0ce6a4d13f7228054d1a71bb1b500448fb2ab837
  PhoneNumberKit: 441e8b26ec88d598e3591de9061eff18f5dd12e8
  RadioGroup: 8541fae4af7ee54125a9e237105982c1fbeedaa7
  SweeterSwift: 61baeda1c0c27d1dc57c8112c3d6a82e5aff3139

PODFILE CHECKSUM: ff1241f4466949dcfab1b9694a6993588573974f

COCOAPODS: 1.11.3
