// !$*UTF8*$!
{
	archiveVersion = 1;
	classes = {
	};
	objectVersion = 55;
	objects = {

/* Begin PBXBuildFile section */
		3604363D27FB92BF0005E732 /* welcomeImage.png in Resources */ = {isa = PBXBuildFile; fileRef = 3604363C27FB92BF0005E732 /* welcomeImage.png */; };
		365C4E5E2800C1B500E7DC27 /* PurchaseViewController.swift in Sources */ = {isa = PBXBuildFile; fileRef = 365C4E5D2800C1B500E7DC27 /* PurchaseViewController.swift */; };
		365C4E612800D68B00E7DC27 /* ParticipantCell.swift in Sources */ = {isa = PBXBuildFile; fileRef = 365C4E602800D68B00E7DC27 /* ParticipantCell.swift */; };
		369658E8280DDE7E00D07858 /* Entity.swift in Sources */ = {isa = PBXBuildFile; fileRef = 369658E7280DDE7E00D07858 /* Entity.swift */; };
		369658EC280DE02E00D07858 /* PurchasePresenter.swift in Sources */ = {isa = PBXBuildFile; fileRef = 369658EB280DE02E00D07858 /* PurchasePresenter.swift */; };
		3B70203A8C82EE0326FAB960 /* OnBoardView.swift in Sources */ = {isa = PBXBuildFile; fileRef = 3B702902F6252CD701153CE4 /* OnBoardView.swift */; };
		3B7020E09AC63DD332C80705 /* SMSCodeViewController.swift in Sources */ = {isa = PBXBuildFile; fileRef = 3B7026E4F62D63FA42D1A9F3 /* SMSCodeViewController.swift */; };
		3B7025793CBB767C351AF15A /* Extensions.swift in Sources */ = {isa = PBXBuildFile; fileRef = 3B702D26200F834B01F189C6 /* Extensions.swift */; };
		3B7026CF993A9BE2FACC27A5 /* PhoneNumberViewController.swift in Sources */ = {isa = PBXBuildFile; fileRef = 3B7021F6A919826DDDE5D511 /* PhoneNumberViewController.swift */; };
		6D31126627F0FCCE004FF26E /* .gitignore in Resources */ = {isa = PBXBuildFile; fileRef = 6D31126527F0FCCE004FF26E /* .gitignore */; };
		6D50F3F627F0FB7B00627394 /* AppDelegate.swift in Sources */ = {isa = PBXBuildFile; fileRef = 6D50F3F527F0FB7B00627394 /* AppDelegate.swift */; };
		6D50F3F827F0FB7B00627394 /* SceneDelegate.swift in Sources */ = {isa = PBXBuildFile; fileRef = 6D50F3F727F0FB7B00627394 /* SceneDelegate.swift */; };
		6D50F3FA27F0FB7B00627394 /* ViewController.swift in Sources */ = {isa = PBXBuildFile; fileRef = 6D50F3F927F0FB7B00627394 /* ViewController.swift */; };
		6D50F3FF27F0FB7C00627394 /* Assets.xcassets in Resources */ = {isa = PBXBuildFile; fileRef = 6D50F3FE27F0FB7C00627394 /* Assets.xcassets */; };
		6D50F40227F0FB7C00627394 /* LaunchScreen.storyboard in Resources */ = {isa = PBXBuildFile; fileRef = 6D50F40027F0FB7C00627394 /* LaunchScreen.storyboard */; };
		6D9466EC27F8932700593679 /* GTEestiProDisplay-Bold.otf in Resources */ = {isa = PBXBuildFile; fileRef = 6D9466E627F8932700593679 /* GTEestiProDisplay-Bold.otf */; };
		6D9466ED27F8932700593679 /* GTEestiProDisplay-Light.otf in Resources */ = {isa = PBXBuildFile; fileRef = 6D9466E727F8932700593679 /* GTEestiProDisplay-Light.otf */; };
		6D9466EE27F8932700593679 /* GTEestiProDisplay-Regular.otf in Resources */ = {isa = PBXBuildFile; fileRef = 6D9466E827F8932700593679 /* GTEestiProDisplay-Regular.otf */; };
		6D9466EF27F8932700593679 /* GTEestiProDisplay-Thin.otf in Resources */ = {isa = PBXBuildFile; fileRef = 6D9466E927F8932700593679 /* GTEestiProDisplay-Thin.otf */; };
		6D9466F027F8932700593679 /* GTEestiProDisplay-UltraBold.otf in Resources */ = {isa = PBXBuildFile; fileRef = 6D9466EA27F8932700593679 /* GTEestiProDisplay-UltraBold.otf */; };
		6D9466F127F8932700593679 /* GTEestiProDisplay-Medium.otf in Resources */ = {isa = PBXBuildFile; fileRef = 6D9466EB27F8932700593679 /* GTEestiProDisplay-Medium.otf */; };
		6D9466F627F8944F00593679 /* Localizable.strings in Resources */ = {isa = PBXBuildFile; fileRef = 6D9466F827F8944F00593679 /* Localizable.strings */; };
		95E5415F7660173D379F47E1 /* Pods_SharePay.framework in Frameworks */ = {isa = PBXBuildFile; fileRef = 827421EA49B5753463A6025A /* Pods_SharePay.framework */; };
		CE76C65D280C7F83008FE5B4 /* PurchasesViewController.swift in Sources */ = {isa = PBXBuildFile; fileRef = CE76C65C280C7F83008FE5B4 /* PurchasesViewController.swift */; };
		CE76C65F280C7F95008FE5B4 /* PurchasesTableViewCell.swift in Sources */ = {isa = PBXBuildFile; fileRef = CE76C65E280C7F95008FE5B4 /* PurchasesTableViewCell.swift */; };
		CE76C661280C800B008FE5B4 /* TabViewController.swift in Sources */ = {isa = PBXBuildFile; fileRef = CE76C660280C800B008FE5B4 /* TabViewController.swift */; };
		CE76C663280C8051008FE5B4 /* DebtsViewController.swift in Sources */ = {isa = PBXBuildFile; fileRef = CE76C662280C8051008FE5B4 /* DebtsViewController.swift */; };
		CE76C665280C8077008FE5B4 /* DebtsTableViewCell.swift in Sources */ = {isa = PBXBuildFile; fileRef = CE76C664280C8077008FE5B4 /* DebtsTableViewCell.swift */; };
/* End PBXBuildFile section */

/* Begin PBXFileReference section */
		3604363C27FB92BF0005E732 /* welcomeImage.png */ = {isa = PBXFileReference; lastKnownFileType = image.png; path = welcomeImage.png; sourceTree = "<group>"; };
		365C4E5D2800C1B500E7DC27 /* PurchaseViewController.swift */ = {isa = PBXFileReference; fileEncoding = 4; lastKnownFileType = sourcecode.swift; path = PurchaseViewController.swift; sourceTree = "<group>"; };
		365C4E602800D68B00E7DC27 /* ParticipantCell.swift */ = {isa = PBXFileReference; lastKnownFileType = sourcecode.swift; path = ParticipantCell.swift; sourceTree = "<group>"; };
		369658E7280DDE7E00D07858 /* Entity.swift */ = {isa = PBXFileReference; lastKnownFileType = sourcecode.swift; path = Entity.swift; sourceTree = "<group>"; };
		369658EB280DE02E00D07858 /* PurchasePresenter.swift */ = {isa = PBXFileReference; lastKnownFileType = sourcecode.swift; path = PurchasePresenter.swift; sourceTree = "<group>"; };
		3B7021F6A919826DDDE5D511 /* PhoneNumberViewController.swift */ = {isa = PBXFileReference; fileEncoding = 4; lastKnownFileType = sourcecode.swift; path = PhoneNumberViewController.swift; sourceTree = "<group>"; };
		3B7024D2C79AB567ED5C56C6 /* PurchaseViewController.swift */ = {isa = PBXFileReference; fileEncoding = 4; lastKnownFileType = sourcecode.swift; path = PurchaseViewController.swift; sourceTree = "<group>"; };
		3B7026E4F62D63FA42D1A9F3 /* SMSCodeViewController.swift */ = {isa = PBXFileReference; fileEncoding = 4; lastKnownFileType = sourcecode.swift; path = SMSCodeViewController.swift; sourceTree = "<group>"; };
		3B702902F6252CD701153CE4 /* OnBoardView.swift */ = {isa = PBXFileReference; fileEncoding = 4; lastKnownFileType = sourcecode.swift; path = OnBoardView.swift; sourceTree = "<group>"; };
		3B702D26200F834B01F189C6 /* Extensions.swift */ = {isa = PBXFileReference; fileEncoding = 4; lastKnownFileType = sourcecode.swift; path = Extensions.swift; sourceTree = "<group>"; };
		6D31126527F0FCCE004FF26E /* .gitignore */ = {isa = PBXFileReference; lastKnownFileType = text; path = .gitignore; sourceTree = "<group>"; };
		6D50F3F227F0FB7B00627394 /* SharePay.app */ = {isa = PBXFileReference; explicitFileType = wrapper.application; includeInIndex = 0; path = SharePay.app; sourceTree = BUILT_PRODUCTS_DIR; };
		6D50F3F527F0FB7B00627394 /* AppDelegate.swift */ = {isa = PBXFileReference; lastKnownFileType = sourcecode.swift; path = AppDelegate.swift; sourceTree = "<group>"; };
		6D50F3F727F0FB7B00627394 /* SceneDelegate.swift */ = {isa = PBXFileReference; lastKnownFileType = sourcecode.swift; path = SceneDelegate.swift; sourceTree = "<group>"; };
		6D50F3F927F0FB7B00627394 /* ViewController.swift */ = {isa = PBXFileReference; lastKnownFileType = sourcecode.swift; path = ViewController.swift; sourceTree = "<group>"; };
		6D50F3FE27F0FB7C00627394 /* Assets.xcassets */ = {isa = PBXFileReference; lastKnownFileType = folder.assetcatalog; path = Assets.xcassets; sourceTree = "<group>"; };
		6D50F40327F0FB7C00627394 /* Info.plist */ = {isa = PBXFileReference; lastKnownFileType = text.plist.xml; path = Info.plist; sourceTree = "<group>"; };
		6D9466E627F8932700593679 /* GTEestiProDisplay-Bold.otf */ = {isa = PBXFileReference; lastKnownFileType = file; path = "GTEestiProDisplay-Bold.otf"; sourceTree = "<group>"; };
		6D9466E727F8932700593679 /* GTEestiProDisplay-Light.otf */ = {isa = PBXFileReference; lastKnownFileType = file; path = "GTEestiProDisplay-Light.otf"; sourceTree = "<group>"; };
		6D9466E827F8932700593679 /* GTEestiProDisplay-Regular.otf */ = {isa = PBXFileReference; lastKnownFileType = file; path = "GTEestiProDisplay-Regular.otf"; sourceTree = "<group>"; };
		6D9466E927F8932700593679 /* GTEestiProDisplay-Thin.otf */ = {isa = PBXFileReference; lastKnownFileType = file; path = "GTEestiProDisplay-Thin.otf"; sourceTree = "<group>"; };
		6D9466EA27F8932700593679 /* GTEestiProDisplay-UltraBold.otf */ = {isa = PBXFileReference; lastKnownFileType = file; path = "GTEestiProDisplay-UltraBold.otf"; sourceTree = "<group>"; };
		6D9466EB27F8932700593679 /* GTEestiProDisplay-Medium.otf */ = {isa = PBXFileReference; lastKnownFileType = file; path = "GTEestiProDisplay-Medium.otf"; sourceTree = "<group>"; };
		6D9466F727F8944F00593679 /* en */ = {isa = PBXFileReference; lastKnownFileType = text.plist.strings; name = en; path = en.lproj/Localizable.strings; sourceTree = "<group>"; };
		6D9466F927F8947A00593679 /* ru */ = {isa = PBXFileReference; lastKnownFileType = text.plist.strings; name = ru; path = ru.lproj/Localizable.strings; sourceTree = "<group>"; };
		827421EA49B5753463A6025A /* Pods_SharePay.framework */ = {isa = PBXFileReference; explicitFileType = wrapper.framework; includeInIndex = 0; path = Pods_SharePay.framework; sourceTree = BUILT_PRODUCTS_DIR; };
		C202387802EA105F3E3DC51E /* Pods-SharePay.debug.xcconfig */ = {isa = PBXFileReference; includeInIndex = 1; lastKnownFileType = text.xcconfig; name = "Pods-SharePay.debug.xcconfig"; path = "Target Support Files/Pods-SharePay/Pods-SharePay.debug.xcconfig"; sourceTree = "<group>"; };
		CE76C65C280C7F83008FE5B4 /* PurchasesViewController.swift */ = {isa = PBXFileReference; lastKnownFileType = sourcecode.swift; path = PurchasesViewController.swift; sourceTree = "<group>"; };
		CE76C65E280C7F95008FE5B4 /* PurchasesTableViewCell.swift */ = {isa = PBXFileReference; lastKnownFileType = sourcecode.swift; path = PurchasesTableViewCell.swift; sourceTree = "<group>"; };
		CE76C660280C800B008FE5B4 /* TabViewController.swift */ = {isa = PBXFileReference; lastKnownFileType = sourcecode.swift; path = TabViewController.swift; sourceTree = "<group>"; };
		CE76C662280C8051008FE5B4 /* DebtsViewController.swift */ = {isa = PBXFileReference; lastKnownFileType = sourcecode.swift; path = DebtsViewController.swift; sourceTree = "<group>"; };
		CE76C664280C8077008FE5B4 /* DebtsTableViewCell.swift */ = {isa = PBXFileReference; lastKnownFileType = sourcecode.swift; path = DebtsTableViewCell.swift; sourceTree = "<group>"; };
		DBE009239B62B72287568BD1 /* Pods-SharePay.release.xcconfig */ = {isa = PBXFileReference; includeInIndex = 1; lastKnownFileType = text.xcconfig; name = "Pods-SharePay.release.xcconfig"; path = "Target Support Files/Pods-SharePay/Pods-SharePay.release.xcconfig"; sourceTree = "<group>"; };
/* End PBXFileReference section */

/* Begin PBXFrameworksBuildPhase section */
		6D50F3EF27F0FB7B00627394 /* Frameworks */ = {
			isa = PBXFrameworksBuildPhase;
			buildActionMask = 2147483647;
			files = (
				95E5415F7660173D379F47E1 /* Pods_SharePay.framework in Frameworks */,
			);
			runOnlyForDeploymentPostprocessing = 0;
		};
/* End PBXFrameworksBuildPhase section */

/* Begin PBXGroup section */
		3604363327FB88C10005E732 /* Recovered References */ = {
			isa = PBXGroup;
			children = (
				6D50F40027F0FB7C00627394 /* LaunchScreen.storyboard */,
			);
			name = "Recovered References";
			sourceTree = "<group>";
		};
		3604363727FB8F860005E732 /* Images */ = {
			isa = PBXGroup;
			children = (
				3604363C27FB92BF0005E732 /* welcomeImage.png */,
			);
			path = Images;
			sourceTree = "<group>";
		};
		365C4E5C2800C1B500E7DC27 /* Purchase */ = {
			isa = PBXGroup;
			children = (
				369658EA280DDE9B00D07858 /* Presenter */,
				369658E9280DDE9600D07858 /* View */,
				369658E6280DDE6200D07858 /* Model */,
			);
			path = Purchase;
			sourceTree = "<group>";
		};
		365C4E5F2800D65D00E7DC27 /* ParticipantCollection */ = {
			isa = PBXGroup;
			children = (
				365C4E602800D68B00E7DC27 /* ParticipantCell.swift */,
			);
			path = ParticipantCollection;
			sourceTree = "<group>";
		};
		369658E6280DDE6200D07858 /* Model */ = {
			isa = PBXGroup;
			children = (
				369658E7280DDE7E00D07858 /* Entity.swift */,
			);
			path = Model;
			sourceTree = "<group>";
		};
		369658E9280DDE9600D07858 /* View */ = {
			isa = PBXGroup;
			children = (
				365C4E5F2800D65D00E7DC27 /* ParticipantCollection */,
				365C4E5D2800C1B500E7DC27 /* PurchaseViewController.swift */,
			);
			path = View;
			sourceTree = "<group>";
		};
		369658EA280DDE9B00D07858 /* Presenter */ = {
			isa = PBXGroup;
			children = (
				369658EB280DE02E00D07858 /* PurchasePresenter.swift */,
			);
			path = Presenter;
			sourceTree = "<group>";
		};
		3B70211D17E7304804332FB1 /* Purchase */ = {
			isa = PBXGroup;
			children = (
				3B7024D2C79AB567ED5C56C6 /* PurchaseViewController.swift */,
			);
			path = Purchase;
			sourceTree = "<group>";
		};
		3B702229368921CAEFDCCD0F /* SMSAuth */ = {
			isa = PBXGroup;
			children = (
				3B70236DB099FDFC4AFE6C94 /* Code */,
				3B702C28A30C8DA4A187E8D7 /* PhoneNumber */,
			);
			name = SMSAuth;
			path = SharePay/SMSAuth;
			sourceTree = SOURCE_ROOT;
		};
		3B7022C999E4663EFC156A9E /* OnBoarding */ = {
			isa = PBXGroup;
			children = (
				3B702902F6252CD701153CE4 /* OnBoardView.swift */,
			);
			path = OnBoarding;
			sourceTree = "<group>";
		};
		3B70236DB099FDFC4AFE6C94 /* Code */ = {
			isa = PBXGroup;
			children = (
				3B7026E4F62D63FA42D1A9F3 /* SMSCodeViewController.swift */,
			);
			path = Code;
			sourceTree = "<group>";
		};
		3B702A8E216487654C918FE6 /* Sourses */ = {
			isa = PBXGroup;
			children = (
				CE76C65B280C7F62008FE5B4 /* Debts */,
				CE76C65A280C7F5A008FE5B4 /* TabBar */,
				CE76C659280C7F52008FE5B4 /* Purchases */,
				365C4E5C2800C1B500E7DC27 /* Purchase */,
				3B7022C999E4663EFC156A9E /* OnBoarding */,
				3B702229368921CAEFDCCD0F /* SMSAuth */,
				3B70211D17E7304804332FB1 /* Purchase */,
			);
			path = Sourses;
			sourceTree = "<group>";
		};
		3B702C28A30C8DA4A187E8D7 /* PhoneNumber */ = {
			isa = PBXGroup;
			children = (
				3B7021F6A919826DDDE5D511 /* PhoneNumberViewController.swift */,
			);
			path = PhoneNumber;
			sourceTree = "<group>";
		};
		3B702EE92822C9DB36BB25B6 /* Helpers */ = {
			isa = PBXGroup;
			children = (
				3B702D26200F834B01F189C6 /* Extensions.swift */,
			);
			path = Helpers;
			sourceTree = "<group>";
		};
		6D50F3E927F0FB7B00627394 = {
			isa = PBXGroup;
			children = (
				6D31126527F0FCCE004FF26E /* .gitignore */,
				6D50F3F427F0FB7B00627394 /* SharePay */,
				6D50F3F327F0FB7B00627394 /* Products */,
				3604363327FB88C10005E732 /* Recovered References */,
				9423A5B1B281FF6826813E87 /* Pods */,
				C7BB489D186D232E3EFA32E5 /* Frameworks */,
			);
			sourceTree = "<group>";
		};
		6D50F3F327F0FB7B00627394 /* Products */ = {
			isa = PBXGroup;
			children = (
				6D50F3F227F0FB7B00627394 /* SharePay.app */,
			);
			name = Products;
			sourceTree = "<group>";
		};
		6D50F3F427F0FB7B00627394 /* SharePay */ = {
			isa = PBXGroup;
			children = (
				6D9466E327F8930C00593679 /* Resources */,
				6D50F3F527F0FB7B00627394 /* AppDelegate.swift */,
				6D50F3F727F0FB7B00627394 /* SceneDelegate.swift */,
				6D50F3F927F0FB7B00627394 /* ViewController.swift */,
				6D50F3FE27F0FB7C00627394 /* Assets.xcassets */,
				6D50F40327F0FB7C00627394 /* Info.plist */,
				6D9466F827F8944F00593679 /* Localizable.strings */,
				3B702A8E216487654C918FE6 /* Sourses */,
			);
			path = SharePay;
			sourceTree = "<group>";
		};
		6D9466E327F8930C00593679 /* Resources */ = {
			isa = PBXGroup;
			children = (
				3604363727FB8F860005E732 /* Images */,
				6D9466E427F8931100593679 /* Fonts */,
				3B702EE92822C9DB36BB25B6 /* Helpers */,
			);
			path = Resources;
			sourceTree = "<group>";
		};
		6D9466E427F8931100593679 /* Fonts */ = {
			isa = PBXGroup;
			children = (
				6D9466E527F8931A00593679 /* GTEestiProDisplay */,
			);
			path = Fonts;
			sourceTree = "<group>";
		};
		6D9466E527F8931A00593679 /* GTEestiProDisplay */ = {
			isa = PBXGroup;
			children = (
				6D9466E627F8932700593679 /* GTEestiProDisplay-Bold.otf */,
				6D9466E727F8932700593679 /* GTEestiProDisplay-Light.otf */,
				6D9466EB27F8932700593679 /* GTEestiProDisplay-Medium.otf */,
				6D9466E827F8932700593679 /* GTEestiProDisplay-Regular.otf */,
				6D9466E927F8932700593679 /* GTEestiProDisplay-Thin.otf */,
				6D9466EA27F8932700593679 /* GTEestiProDisplay-UltraBold.otf */,
			);
			path = GTEestiProDisplay;
			sourceTree = "<group>";
		};
		9423A5B1B281FF6826813E87 /* Pods */ = {
			isa = PBXGroup;
			children = (
				C202387802EA105F3E3DC51E /* Pods-SharePay.debug.xcconfig */,
				DBE009239B62B72287568BD1 /* Pods-SharePay.release.xcconfig */,
			);
			path = Pods;
			sourceTree = "<group>";
		};
		C7BB489D186D232E3EFA32E5 /* Frameworks */ = {
			isa = PBXGroup;
			children = (
				827421EA49B5753463A6025A /* Pods_SharePay.framework */,
			);
			name = Frameworks;
			sourceTree = "<group>";
		};
		CE76C659280C7F52008FE5B4 /* Purchases */ = {
			isa = PBXGroup;
			children = (
				CE76C65C280C7F83008FE5B4 /* PurchasesViewController.swift */,
				CE76C65E280C7F95008FE5B4 /* PurchasesTableViewCell.swift */,
			);
			path = Purchases;
			sourceTree = "<group>";
		};
		CE76C65A280C7F5A008FE5B4 /* TabBar */ = {
			isa = PBXGroup;
			children = (
				CE76C660280C800B008FE5B4 /* TabViewController.swift */,
			);
			path = TabBar;
			sourceTree = "<group>";
		};
		CE76C65B280C7F62008FE5B4 /* Debts */ = {
			isa = PBXGroup;
			children = (
				CE76C662280C8051008FE5B4 /* DebtsViewController.swift */,
				CE76C664280C8077008FE5B4 /* DebtsTableViewCell.swift */,
			);
			path = Debts;
			sourceTree = "<group>";
		};
/* End PBXGroup section */

/* Begin PBXNativeTarget section */
		6D50F3F127F0FB7B00627394 /* SharePay */ = {
			isa = PBXNativeTarget;
			buildConfigurationList = 6D50F40627F0FB7C00627394 /* Build configuration list for PBXNativeTarget "SharePay" */;
			buildPhases = (
				8E67D5CED020985A8751B804 /* [CP] Check Pods Manifest.lock */,
				6D50F3EE27F0FB7B00627394 /* Sources */,
				6D50F3EF27F0FB7B00627394 /* Frameworks */,
				6D50F3F027F0FB7B00627394 /* Resources */,
				4F015F91D29C15F0C7141AA0 /* [CP] Embed Pods Frameworks */,
			);
			buildRules = (
			);
			dependencies = (
			);
			name = SharePay;
			productName = SharePay;
			productReference = 6D50F3F227F0FB7B00627394 /* SharePay.app */;
			productType = "com.apple.product-type.application";
		};
/* End PBXNativeTarget section */

/* Begin PBXProject section */
		6D50F3EA27F0FB7B00627394 /* Project object */ = {
			isa = PBXProject;
			attributes = {
				BuildIndependentTargetsInParallel = 1;
				LastSwiftUpdateCheck = 1330;
				LastUpgradeCheck = 1330;
				TargetAttributes = {
					6D50F3F127F0FB7B00627394 = {
						CreatedOnToolsVersion = 13.3;
					};
				};
			};
			buildConfigurationList = 6D50F3ED27F0FB7B00627394 /* Build configuration list for PBXProject "SharePay" */;
			compatibilityVersion = "Xcode 13.0";
			developmentRegion = en;
			hasScannedForEncodings = 0;
			knownRegions = (
				en,
				Base,
				ru,
			);
			mainGroup = 6D50F3E927F0FB7B00627394;
			productRefGroup = 6D50F3F327F0FB7B00627394 /* Products */;
			projectDirPath = "";
			projectRoot = "";
			targets = (
				6D50F3F127F0FB7B00627394 /* SharePay */,
			);
		};
/* End PBXProject section */

/* Begin PBXResourcesBuildPhase section */
		6D50F3F027F0FB7B00627394 /* Resources */ = {
			isa = PBXResourcesBuildPhase;
			buildActionMask = 2147483647;
			files = (
				6D9466F627F8944F00593679 /* Localizable.strings in Resources */,
				6D31126627F0FCCE004FF26E /* .gitignore in Resources */,
				6D50F40227F0FB7C00627394 /* LaunchScreen.storyboard in Resources */,
				6D9466EC27F8932700593679 /* GTEestiProDisplay-Bold.otf in Resources */,
				3604363D27FB92BF0005E732 /* welcomeImage.png in Resources */,
				6D50F3FF27F0FB7C00627394 /* Assets.xcassets in Resources */,
				6D9466F127F8932700593679 /* GTEestiProDisplay-Medium.otf in Resources */,
				6D9466EF27F8932700593679 /* GTEestiProDisplay-Thin.otf in Resources */,
				6D9466ED27F8932700593679 /* GTEestiProDisplay-Light.otf in Resources */,
				6D9466EE27F8932700593679 /* GTEestiProDisplay-Regular.otf in Resources */,
				6D9466F027F8932700593679 /* GTEestiProDisplay-UltraBold.otf in Resources */,
			);
			runOnlyForDeploymentPostprocessing = 0;
		};
/* End PBXResourcesBuildPhase section */

/* Begin PBXShellScriptBuildPhase section */
		4F015F91D29C15F0C7141AA0 /* [CP] Embed Pods Frameworks */ = {
			isa = PBXShellScriptBuildPhase;
			buildActionMask = 2147483647;
			files = (
			);
			inputFileListPaths = (
				"${PODS_ROOT}/Target Support Files/Pods-SharePay/Pods-SharePay-frameworks-${CONFIGURATION}-input-files.xcfilelist",
			);
			name = "[CP] Embed Pods Frameworks";
			outputFileListPaths = (
				"${PODS_ROOT}/Target Support Files/Pods-SharePay/Pods-SharePay-frameworks-${CONFIGURATION}-output-files.xcfilelist",
			);
			runOnlyForDeploymentPostprocessing = 0;
			shellPath = /bin/sh;
			shellScript = "\"${PODS_ROOT}/Target Support Files/Pods-SharePay/Pods-SharePay-frameworks.sh\"\n";
			showEnvVarsInLog = 0;
		};
		8E67D5CED020985A8751B804 /* [CP] Check Pods Manifest.lock */ = {
			isa = PBXShellScriptBuildPhase;
			buildActionMask = 2147483647;
			files = (
			);
			inputFileListPaths = (
			);
			inputPaths = (
				"${PODS_PODFILE_DIR_PATH}/Podfile.lock",
				"${PODS_ROOT}/Manifest.lock",
			);
			name = "[CP] Check Pods Manifest.lock";
			outputFileListPaths = (
			);
			outputPaths = (
				"$(DERIVED_FILE_DIR)/Pods-SharePay-checkManifestLockResult.txt",
			);
			runOnlyForDeploymentPostprocessing = 0;
			shellPath = /bin/sh;
			shellScript = "diff \"${PODS_PODFILE_DIR_PATH}/Podfile.lock\" \"${PODS_ROOT}/Manifest.lock\" > /dev/null\nif [ $? != 0 ] ; then\n    # print error to STDERR\n    echo \"error: The sandbox is not in sync with the Podfile.lock. Run 'pod install' or update your CocoaPods installation.\" >&2\n    exit 1\nfi\n# This output is used by Xcode 'outputs' to avoid re-running this script phase.\necho \"SUCCESS\" > \"${SCRIPT_OUTPUT_FILE_0}\"\n";
			showEnvVarsInLog = 0;
		};
/* End PBXShellScriptBuildPhase section */

/* Begin PBXSourcesBuildPhase section */
		6D50F3EE27F0FB7B00627394 /* Sources */ = {
			isa = PBXSourcesBuildPhase;
			buildActionMask = 2147483647;
			files = (
				CE76C665280C8077008FE5B4 /* DebtsTableViewCell.swift in Sources */,
				CE76C65F280C7F95008FE5B4 /* PurchasesTableViewCell.swift in Sources */,
				CE76C661280C800B008FE5B4 /* TabViewController.swift in Sources */,
				6D50F3FA27F0FB7B00627394 /* ViewController.swift in Sources */,
				369658E8280DDE7E00D07858 /* Entity.swift in Sources */,
				365C4E612800D68B00E7DC27 /* ParticipantCell.swift in Sources */,
				369658EC280DE02E00D07858 /* PurchasePresenter.swift in Sources */,
				6D50F3F627F0FB7B00627394 /* AppDelegate.swift in Sources */,
				365C4E5E2800C1B500E7DC27 /* PurchaseViewController.swift in Sources */,
				CE76C65D280C7F83008FE5B4 /* PurchasesViewController.swift in Sources */,
				6D50F3F827F0FB7B00627394 /* SceneDelegate.swift in Sources */,
				3B70203A8C82EE0326FAB960 /* OnBoardView.swift in Sources */,
				CE76C663280C8051008FE5B4 /* DebtsViewController.swift in Sources */,
				3B7025793CBB767C351AF15A /* Extensions.swift in Sources */,
				3B7020E09AC63DD332C80705 /* SMSCodeViewController.swift in Sources */,
				3B7026CF993A9BE2FACC27A5 /* PhoneNumberViewController.swift in Sources */,
			);
			runOnlyForDeploymentPostprocessing = 0;
		};
/* End PBXSourcesBuildPhase section */

/* Begin PBXVariantGroup section */
		6D50F40027F0FB7C00627394 /* LaunchScreen.storyboard */ = {
			isa = PBXVariantGroup;
			children = (
			);
			name = LaunchScreen.storyboard;
			sourceTree = "<group>";
		};
		6D9466F827F8944F00593679 /* Localizable.strings */ = {
			isa = PBXVariantGroup;
			children = (
				6D9466F727F8944F00593679 /* en */,
				6D9466F927F8947A00593679 /* ru */,
			);
			name = Localizable.strings;
			sourceTree = "<group>";
		};
/* End PBXVariantGroup section */

/* Begin XCBuildConfiguration section */
		6D50F40427F0FB7C00627394 /* Debug */ = {
			isa = XCBuildConfiguration;
			buildSettings = {
				ALWAYS_SEARCH_USER_PATHS = NO;
				CLANG_ANALYZER_LOCALIZABILITY_NONLOCALIZED = YES;
				CLANG_ANALYZER_NONNULL = YES;
				CLANG_ANALYZER_NUMBER_OBJECT_CONVERSION = YES_AGGRESSIVE;
				CLANG_CXX_LANGUAGE_STANDARD = "gnu++17";
				CLANG_ENABLE_MODULES = YES;
				CLANG_ENABLE_OBJC_ARC = YES;
				CLANG_ENABLE_OBJC_WEAK = YES;
				CLANG_WARN_BLOCK_CAPTURE_AUTORELEASING = YES;
				CLANG_WARN_BOOL_CONVERSION = YES;
				CLANG_WARN_COMMA = YES;
				CLANG_WARN_CONSTANT_CONVERSION = YES;
				CLANG_WARN_DEPRECATED_OBJC_IMPLEMENTATIONS = YES;
				CLANG_WARN_DIRECT_OBJC_ISA_USAGE = YES_ERROR;
				CLANG_WARN_DOCUMENTATION_COMMENTS = YES;
				CLANG_WARN_EMPTY_BODY = YES;
				CLANG_WARN_ENUM_CONVERSION = YES;
				CLANG_WARN_INFINITE_RECURSION = YES;
				CLANG_WARN_INT_CONVERSION = YES;
				CLANG_WARN_NON_LITERAL_NULL_CONVERSION = YES;
				CLANG_WARN_OBJC_IMPLICIT_RETAIN_SELF = YES;
				CLANG_WARN_OBJC_LITERAL_CONVERSION = YES;
				CLANG_WARN_OBJC_ROOT_CLASS = YES_ERROR;
				CLANG_WARN_QUOTED_INCLUDE_IN_FRAMEWORK_HEADER = YES;
				CLANG_WARN_RANGE_LOOP_ANALYSIS = YES;
				CLANG_WARN_STRICT_PROTOTYPES = YES;
				CLANG_WARN_SUSPICIOUS_MOVE = YES;
				CLANG_WARN_UNGUARDED_AVAILABILITY = YES_AGGRESSIVE;
				CLANG_WARN_UNREACHABLE_CODE = YES;
				CLANG_WARN__DUPLICATE_METHOD_MATCH = YES;
				COPY_PHASE_STRIP = NO;
				DEBUG_INFORMATION_FORMAT = dwarf;
				ENABLE_STRICT_OBJC_MSGSEND = YES;
				ENABLE_TESTABILITY = YES;
				GCC_C_LANGUAGE_STANDARD = gnu11;
				GCC_DYNAMIC_NO_PIC = NO;
				GCC_NO_COMMON_BLOCKS = YES;
				GCC_OPTIMIZATION_LEVEL = 0;
				GCC_PREPROCESSOR_DEFINITIONS = (
					"DEBUG=1",
					"$(inherited)",
				);
				GCC_WARN_64_TO_32_BIT_CONVERSION = YES;
				GCC_WARN_ABOUT_RETURN_TYPE = YES_ERROR;
				GCC_WARN_UNDECLARED_SELECTOR = YES;
				GCC_WARN_UNINITIALIZED_AUTOS = YES_AGGRESSIVE;
				GCC_WARN_UNUSED_FUNCTION = YES;
				GCC_WARN_UNUSED_VARIABLE = YES;
				IPHONEOS_DEPLOYMENT_TARGET = 15.2;
				MTL_ENABLE_DEBUG_INFO = INCLUDE_SOURCE;
				MTL_FAST_MATH = YES;
				ONLY_ACTIVE_ARCH = YES;
				SDKROOT = iphoneos;
				SWIFT_ACTIVE_COMPILATION_CONDITIONS = DEBUG;
				SWIFT_OPTIMIZATION_LEVEL = "-Onone";
			};
			name = Debug;
		};
		6D50F40527F0FB7C00627394 /* Release */ = {
			isa = XCBuildConfiguration;
			buildSettings = {
				ALWAYS_SEARCH_USER_PATHS = NO;
				CLANG_ANALYZER_LOCALIZABILITY_NONLOCALIZED = YES;
				CLANG_ANALYZER_NONNULL = YES;
				CLANG_ANALYZER_NUMBER_OBJECT_CONVERSION = YES_AGGRESSIVE;
				CLANG_CXX_LANGUAGE_STANDARD = "gnu++17";
				CLANG_ENABLE_MODULES = YES;
				CLANG_ENABLE_OBJC_ARC = YES;
				CLANG_ENABLE_OBJC_WEAK = YES;
				CLANG_WARN_BLOCK_CAPTURE_AUTORELEASING = YES;
				CLANG_WARN_BOOL_CONVERSION = YES;
				CLANG_WARN_COMMA = YES;
				CLANG_WARN_CONSTANT_CONVERSION = YES;
				CLANG_WARN_DEPRECATED_OBJC_IMPLEMENTATIONS = YES;
				CLANG_WARN_DIRECT_OBJC_ISA_USAGE = YES_ERROR;
				CLANG_WARN_DOCUMENTATION_COMMENTS = YES;
				CLANG_WARN_EMPTY_BODY = YES;
				CLANG_WARN_ENUM_CONVERSION = YES;
				CLANG_WARN_INFINITE_RECURSION = YES;
				CLANG_WARN_INT_CONVERSION = YES;
				CLANG_WARN_NON_LITERAL_NULL_CONVERSION = YES;
				CLANG_WARN_OBJC_IMPLICIT_RETAIN_SELF = YES;
				CLANG_WARN_OBJC_LITERAL_CONVERSION = YES;
				CLANG_WARN_OBJC_ROOT_CLASS = YES_ERROR;
				CLANG_WARN_QUOTED_INCLUDE_IN_FRAMEWORK_HEADER = YES;
				CLANG_WARN_RANGE_LOOP_ANALYSIS = YES;
				CLANG_WARN_STRICT_PROTOTYPES = YES;
				CLANG_WARN_SUSPICIOUS_MOVE = YES;
				CLANG_WARN_UNGUARDED_AVAILABILITY = YES_AGGRESSIVE;
				CLANG_WARN_UNREACHABLE_CODE = YES;
				CLANG_WARN__DUPLICATE_METHOD_MATCH = YES;
				COPY_PHASE_STRIP = NO;
				DEBUG_INFORMATION_FORMAT = "dwarf-with-dsym";
				ENABLE_NS_ASSERTIONS = NO;
				ENABLE_STRICT_OBJC_MSGSEND = YES;
				GCC_C_LANGUAGE_STANDARD = gnu11;
				GCC_NO_COMMON_BLOCKS = YES;
				GCC_WARN_64_TO_32_BIT_CONVERSION = YES;
				GCC_WARN_ABOUT_RETURN_TYPE = YES_ERROR;
				GCC_WARN_UNDECLARED_SELECTOR = YES;
				GCC_WARN_UNINITIALIZED_AUTOS = YES_AGGRESSIVE;
				GCC_WARN_UNUSED_FUNCTION = YES;
				GCC_WARN_UNUSED_VARIABLE = YES;
				IPHONEOS_DEPLOYMENT_TARGET = 15.2;
				MTL_ENABLE_DEBUG_INFO = NO;
				MTL_FAST_MATH = YES;
				SDKROOT = iphoneos;
				SWIFT_COMPILATION_MODE = wholemodule;
				SWIFT_OPTIMIZATION_LEVEL = "-O";
				VALIDATE_PRODUCT = YES;
			};
			name = Release;
		};
		6D50F40727F0FB7C00627394 /* Debug */ = {
			isa = XCBuildConfiguration;
			baseConfigurationReference = C202387802EA105F3E3DC51E /* Pods-SharePay.debug.xcconfig */;
			buildSettings = {
				ASSETCATALOG_COMPILER_APPICON_NAME = AppIcon;
				ASSETCATALOG_COMPILER_GLOBAL_ACCENT_COLOR_NAME = AccentColor;
				CODE_SIGN_STYLE = Automatic;
				CURRENT_PROJECT_VERSION = 1;
				DEVELOPMENT_TEAM = PVFP84ZUS3;
				GENERATE_INFOPLIST_FILE = YES;
				INFOPLIST_FILE = SharePay/Info.plist;
				INFOPLIST_KEY_UIApplicationSupportsIndirectInputEvents = YES;
				INFOPLIST_KEY_UILaunchStoryboardName = LaunchScreen;
				INFOPLIST_KEY_UISupportedInterfaceOrientations_iPad = "UIInterfaceOrientationPortrait UIInterfaceOrientationPortraitUpsideDown UIInterfaceOrientationLandscapeLeft UIInterfaceOrientationLandscapeRight";
				INFOPLIST_KEY_UISupportedInterfaceOrientations_iPhone = "UIInterfaceOrientationPortrait UIInterfaceOrientationLandscapeLeft UIInterfaceOrientationLandscapeRight";
				IPHONEOS_DEPLOYMENT_TARGET = 15.2;
				LD_RUNPATH_SEARCH_PATHS = (
					"$(inherited)",
					"@executable_path/Frameworks",
				);
				MARKETING_VERSION = 1.0;
				PRODUCT_BUNDLE_IDENTIFIER = dpudovkin.SharePay;
				PRODUCT_NAME = "$(TARGET_NAME)";
				SWIFT_EMIT_LOC_STRINGS = YES;
				SWIFT_VERSION = 5.0;
				TARGETED_DEVICE_FAMILY = 1;
			};
			name = Debug;
		};
		6D50F40827F0FB7C00627394 /* Release */ = {
			isa = XCBuildConfiguration;
			baseConfigurationReference = DBE009239B62B72287568BD1 /* Pods-SharePay.release.xcconfig */;
			buildSettings = {
				ASSETCATALOG_COMPILER_APPICON_NAME = AppIcon;
				ASSETCATALOG_COMPILER_GLOBAL_ACCENT_COLOR_NAME = AccentColor;
				CODE_SIGN_STYLE = Automatic;
				CURRENT_PROJECT_VERSION = 1;
				DEVELOPMENT_TEAM = "";
				GENERATE_INFOPLIST_FILE = YES;
				INFOPLIST_FILE = SharePay/Info.plist;
				INFOPLIST_KEY_UIApplicationSupportsIndirectInputEvents = YES;
				INFOPLIST_KEY_UILaunchStoryboardName = LaunchScreen;
				INFOPLIST_KEY_UISupportedInterfaceOrientations_iPad = "UIInterfaceOrientationPortrait UIInterfaceOrientationPortraitUpsideDown UIInterfaceOrientationLandscapeLeft UIInterfaceOrientationLandscapeRight";
				INFOPLIST_KEY_UISupportedInterfaceOrientations_iPhone = "UIInterfaceOrientationPortrait UIInterfaceOrientationLandscapeLeft UIInterfaceOrientationLandscapeRight";
				IPHONEOS_DEPLOYMENT_TARGET = 15.2;
				LD_RUNPATH_SEARCH_PATHS = (
					"$(inherited)",
					"@executable_path/Frameworks",
				);
				MARKETING_VERSION = 1.0;
				PRODUCT_BUNDLE_IDENTIFIER = cringeTeam.SharePay;
				PRODUCT_NAME = "$(TARGET_NAME)";
				SWIFT_EMIT_LOC_STRINGS = YES;
				SWIFT_VERSION = 5.0;
				TARGETED_DEVICE_FAMILY = 1;
			};
			name = Release;
		};
/* End XCBuildConfiguration section */

/* Begin XCConfigurationList section */
		6D50F3ED27F0FB7B00627394 /* Build configuration list for PBXProject "SharePay" */ = {
			isa = XCConfigurationList;
			buildConfigurations = (
				6D50F40427F0FB7C00627394 /* Debug */,
				6D50F40527F0FB7C00627394 /* Release */,
			);
			defaultConfigurationIsVisible = 0;
			defaultConfigurationName = Release;
		};
		6D50F40627F0FB7C00627394 /* Build configuration list for PBXNativeTarget "SharePay" */ = {
			isa = XCConfigurationList;
			buildConfigurations = (
				6D50F40727F0FB7C00627394 /* Debug */,
				6D50F40827F0FB7C00627394 /* Release */,
			);
			defaultConfigurationIsVisible = 0;
			defaultConfigurationName = Release;
		};
/* End XCConfigurationList section */
	};
	rootObject = 6D50F3EA27F0FB7B00627394 /* Project object */;
}
