// !$*UTF8*$!
{
	archiveVersion = 1;
	classes = {
	};
	objectVersion = 55;
	objects = {

/* Begin PBXBuildFile section */
		6D31126627F0FCCE004FF26E /* .gitignore in Resources */ = {isa = PBXBuildFile; fileRef = 6D31126527F0FCCE004FF26E /* .gitignore */; };
		6D50F3F627F0FB7B00627394 /* AppDelegate.swift in Sources */ = {isa = PBXBuildFile; fileRef = 6D50F3F527F0FB7B00627394 /* AppDelegate.swift */; };
		6D50F3F827F0FB7B00627394 /* SceneDelegate.swift in Sources */ = {isa = PBXBuildFile; fileRef = 6D50F3F727F0FB7B00627394 /* SceneDelegate.swift */; };
		6D50F3FA27F0FB7B00627394 /* ViewController.swift in Sources */ = {isa = PBXBuildFile; fileRef = 6D50F3F927F0FB7B00627394 /* ViewController.swift */; };
		6D50F3FF27F0FB7C00627394 /* Assets.xcassets in Resources */ = {isa = PBXBuildFile; fileRef = 6D50F3FE27F0FB7C00627394 /* Assets.xcassets */; };
		CEAE193A27F502E30088ABB9 /* Extensions.swift in Sources */ = {isa = PBXBuildFile; fileRef = CEAE193927F502E30088ABB9 /* Extensions.swift */; };
		CEFF457C27F229AE00D34161 /* OnBoardView.swift in Sources */ = {isa = PBXBuildFile; fileRef = CEFF457B27F229AE00D34161 /* OnBoardView.swift */; };
		CEFF458727F24B4900D34161 /* gteestiprodisplay_bold.otf in Resources */ = {isa = PBXBuildFile; fileRef = CEFF458127F24B4900D34161 /* gteestiprodisplay_bold.otf */; };
		CEFF458827F24B4900D34161 /* gteestiprodisplay_medium.otf in Resources */ = {isa = PBXBuildFile; fileRef = CEFF458227F24B4900D34161 /* gteestiprodisplay_medium.otf */; };
		CEFF458927F24B4900D34161 /* gteestiprodisplay_thin.otf in Resources */ = {isa = PBXBuildFile; fileRef = CEFF458327F24B4900D34161 /* gteestiprodisplay_thin.otf */; };
		CEFF458A27F24B4900D34161 /* gteestiprodisplay_ultrabold.otf in Resources */ = {isa = PBXBuildFile; fileRef = CEFF458427F24B4900D34161 /* gteestiprodisplay_ultrabold.otf */; };
		CEFF458B27F24B4900D34161 /* gteestiprodisplay_regular.otf in Resources */ = {isa = PBXBuildFile; fileRef = CEFF458527F24B4900D34161 /* gteestiprodisplay_regular.otf */; };
		CEFF458C27F24B4900D34161 /* gteestiprodisplay_light.otf in Resources */ = {isa = PBXBuildFile; fileRef = CEFF458627F24B4900D34161 /* gteestiprodisplay_light.otf */; };
/* End PBXBuildFile section */

/* Begin PBXFileReference section */
		6D31126527F0FCCE004FF26E /* .gitignore */ = {isa = PBXFileReference; lastKnownFileType = text; path = .gitignore; sourceTree = "<group>"; };
		6D50F3F227F0FB7B00627394 /* SharePay.app */ = {isa = PBXFileReference; explicitFileType = wrapper.application; includeInIndex = 0; path = SharePay.app; sourceTree = BUILT_PRODUCTS_DIR; };
		6D50F3F527F0FB7B00627394 /* AppDelegate.swift */ = {isa = PBXFileReference; lastKnownFileType = sourcecode.swift; path = AppDelegate.swift; sourceTree = "<group>"; };
		6D50F3F727F0FB7B00627394 /* SceneDelegate.swift */ = {isa = PBXFileReference; lastKnownFileType = sourcecode.swift; path = SceneDelegate.swift; sourceTree = "<group>"; };
		6D50F3F927F0FB7B00627394 /* ViewController.swift */ = {isa = PBXFileReference; lastKnownFileType = sourcecode.swift; path = ViewController.swift; sourceTree = "<group>"; };
		6D50F3FE27F0FB7C00627394 /* Assets.xcassets */ = {isa = PBXFileReference; lastKnownFileType = folder.assetcatalog; path = Assets.xcassets; sourceTree = "<group>"; };
		6D50F40327F0FB7C00627394 /* Info.plist */ = {isa = PBXFileReference; lastKnownFileType = text.plist.xml; path = Info.plist; sourceTree = "<group>"; };
		CEAE193927F502E30088ABB9 /* Extensions.swift */ = {isa = PBXFileReference; lastKnownFileType = sourcecode.swift; path = Extensions.swift; sourceTree = "<group>"; };
		CEFF457B27F229AE00D34161 /* OnBoardView.swift */ = {isa = PBXFileReference; lastKnownFileType = sourcecode.swift; path = OnBoardView.swift; sourceTree = "<group>"; };
		CEFF458127F24B4900D34161 /* gteestiprodisplay_bold.otf */ = {isa = PBXFileReference; lastKnownFileType = file; name = gteestiprodisplay_bold.otf; path = "/Users/user/Desktop/2022_1_CringeTeam/SharePay/Fonts/../../../GT Eesti Pro Display/gteestiprodisplay_bold.otf"; sourceTree = "<absolute>"; };
		CEFF458227F24B4900D34161 /* gteestiprodisplay_medium.otf */ = {isa = PBXFileReference; lastKnownFileType = file; name = gteestiprodisplay_medium.otf; path = "../../../GT Eesti Pro Display/gteestiprodisplay_medium.otf"; sourceTree = "<group>"; };
		CEFF458327F24B4900D34161 /* gteestiprodisplay_thin.otf */ = {isa = PBXFileReference; lastKnownFileType = file; name = gteestiprodisplay_thin.otf; path = "../../../GT Eesti Pro Display/gteestiprodisplay_thin.otf"; sourceTree = "<group>"; };
		CEFF458427F24B4900D34161 /* gteestiprodisplay_ultrabold.otf */ = {isa = PBXFileReference; lastKnownFileType = file; name = gteestiprodisplay_ultrabold.otf; path = "../../../GT Eesti Pro Display/gteestiprodisplay_ultrabold.otf"; sourceTree = "<group>"; };
		CEFF458527F24B4900D34161 /* gteestiprodisplay_regular.otf */ = {isa = PBXFileReference; lastKnownFileType = file; name = gteestiprodisplay_regular.otf; path = "../../../GT Eesti Pro Display/gteestiprodisplay_regular.otf"; sourceTree = "<group>"; };
		CEFF458627F24B4900D34161 /* gteestiprodisplay_light.otf */ = {isa = PBXFileReference; lastKnownFileType = file; name = gteestiprodisplay_light.otf; path = "../../../GT Eesti Pro Display/gteestiprodisplay_light.otf"; sourceTree = "<group>"; };
/* End PBXFileReference section */

/* Begin PBXFrameworksBuildPhase section */
		6D50F3EF27F0FB7B00627394 /* Frameworks */ = {
			isa = PBXFrameworksBuildPhase;
			buildActionMask = 2147483647;
			files = (
			);
			runOnlyForDeploymentPostprocessing = 0;
		};
/* End PBXFrameworksBuildPhase section */

/* Begin PBXGroup section */
		6D50F3E927F0FB7B00627394 = {
			isa = PBXGroup;
			children = (
				6D31126527F0FCCE004FF26E /* .gitignore */,
				6D50F3F427F0FB7B00627394 /* SharePay */,
				6D50F3F327F0FB7B00627394 /* Products */,
			);
			sourceTree = "<group>";
		};
		6D50F3F327F0FB7B00627394 /* Products */ = {
			isa = PBXGroup;
			children = (
				6D50F3F227F0FB7B00627394 /* SharePay.app */,
			);
			name = Products;
			sourceTree = "<group>";
		};
		6D50F3F427F0FB7B00627394 /* SharePay */ = {
			isa = PBXGroup;
			children = (
				CEFF458027F24B1000D34161 /* Sourses */,
				CEFF457F27F24B0800D34161 /* Resourses */,
				CEFF457E27F24AFD00D34161 /* Fonts */,
				6D50F3F527F0FB7B00627394 /* AppDelegate.swift */,
				6D50F3F727F0FB7B00627394 /* SceneDelegate.swift */,
				6D50F3F927F0FB7B00627394 /* ViewController.swift */,
				6D50F3FE27F0FB7C00627394 /* Assets.xcassets */,
				6D50F40327F0FB7C00627394 /* Info.plist */,
			);
			path = SharePay;
			sourceTree = "<group>";
		};
		CEAE193827F502BA0088ABB9 /* Helpers */ = {
			isa = PBXGroup;
			children = (
				CEAE193927F502E30088ABB9 /* Extensions.swift */,
			);
			path = Helpers;
			sourceTree = "<group>";
		};
		CEFF457D27F229B700D34161 /* OnBoarding */ = {
			isa = PBXGroup;
			children = (
				CEFF457B27F229AE00D34161 /* OnBoardView.swift */,
			);
			path = OnBoarding;
			sourceTree = "<group>";
		};
		CEFF457E27F24AFD00D34161 /* Fonts */ = {
			isa = PBXGroup;
			children = (
				CEFF458127F24B4900D34161 /* gteestiprodisplay_bold.otf */,
				CEFF458627F24B4900D34161 /* gteestiprodisplay_light.otf */,
				CEFF458227F24B4900D34161 /* gteestiprodisplay_medium.otf */,
				CEFF458527F24B4900D34161 /* gteestiprodisplay_regular.otf */,
				CEFF458327F24B4900D34161 /* gteestiprodisplay_thin.otf */,
				CEFF458427F24B4900D34161 /* gteestiprodisplay_ultrabold.otf */,
			);
			path = Fonts;
			sourceTree = "<group>";
		};
		CEFF457F27F24B0800D34161 /* Resourses */ = {
			isa = PBXGroup;
			children = (
				CEAE193827F502BA0088ABB9 /* Helpers */,
			);
			path = Resourses;
			sourceTree = "<group>";
		};
		CEFF458027F24B1000D34161 /* Sourses */ = {
			isa = PBXGroup;
			children = (
				CEFF457D27F229B700D34161 /* OnBoarding */,
			);
			path = Sourses;
			sourceTree = "<group>";
		};
/* End PBXGroup section */

/* Begin PBXNativeTarget section */
		6D50F3F127F0FB7B00627394 /* SharePay */ = {
			isa = PBXNativeTarget;
			buildConfigurationList = 6D50F40627F0FB7C00627394 /* Build configuration list for PBXNativeTarget "SharePay" */;
			buildPhases = (
				6D50F3EE27F0FB7B00627394 /* Sources */,
				6D50F3EF27F0FB7B00627394 /* Frameworks */,
				6D50F3F027F0FB7B00627394 /* Resources */,
			);
			buildRules = (
			);
			dependencies = (
			);
			name = SharePay;
			productName = SharePay;
			productReference = 6D50F3F227F0FB7B00627394 /* SharePay.app */;
			productType = "com.apple.product-type.application";
		};
/* End PBXNativeTarget section */

/* Begin PBXProject section */
		6D50F3EA27F0FB7B00627394 /* Project object */ = {
			isa = PBXProject;
			attributes = {
				BuildIndependentTargetsInParallel = 1;
				LastSwiftUpdateCheck = 1330;
				LastUpgradeCheck = 1330;
				TargetAttributes = {
					6D50F3F127F0FB7B00627394 = {
						CreatedOnToolsVersion = 13.3;
					};
				};
			};
			buildConfigurationList = 6D50F3ED27F0FB7B00627394 /* Build configuration list for PBXProject "SharePay" */;
			compatibilityVersion = "Xcode 13.0";
			developmentRegion = en;
			hasScannedForEncodings = 0;
			knownRegions = (
				en,
				Base,
			);
			mainGroup = 6D50F3E927F0FB7B00627394;
			productRefGroup = 6D50F3F327F0FB7B00627394 /* Products */;
			projectDirPath = "";
			projectRoot = "";
			targets = (
				6D50F3F127F0FB7B00627394 /* SharePay */,
			);
		};
/* End PBXProject section */

/* Begin PBXResourcesBuildPhase section */
		6D50F3F027F0FB7B00627394 /* Resources */ = {
			isa = PBXResourcesBuildPhase;
			buildActionMask = 2147483647;
			files = (
				6D31126627F0FCCE004FF26E /* .gitignore in Resources */,
				CEFF458727F24B4900D34161 /* gteestiprodisplay_bold.otf in Resources */,
				6D50F3FF27F0FB7C00627394 /* Assets.xcassets in Resources */,
				CEFF458927F24B4900D34161 /* gteestiprodisplay_thin.otf in Resources */,
				CEFF458A27F24B4900D34161 /* gteestiprodisplay_ultrabold.otf in Resources */,
				CEFF458C27F24B4900D34161 /* gteestiprodisplay_light.otf in Resources */,
				CEFF458B27F24B4900D34161 /* gteestiprodisplay_regular.otf in Resources */,
				CEFF458827F24B4900D34161 /* gteestiprodisplay_medium.otf in Resources */,
			);
			runOnlyForDeploymentPostprocessing = 0;
		};
/* End PBXResourcesBuildPhase section */

/* Begin PBXSourcesBuildPhase section */
		6D50F3EE27F0FB7B00627394 /* Sources */ = {
			isa = PBXSourcesBuildPhase;
			buildActionMask = 2147483647;
			files = (
				CEAE193A27F502E30088ABB9 /* Extensions.swift in Sources */,
				CEFF457C27F229AE00D34161 /* OnBoardView.swift in Sources */,
				6D50F3FA27F0FB7B00627394 /* ViewController.swift in Sources */,
				6D50F3F627F0FB7B00627394 /* AppDelegate.swift in Sources */,
				6D50F3F827F0FB7B00627394 /* SceneDelegate.swift in Sources */,
			);
			runOnlyForDeploymentPostprocessing = 0;
		};
/* End PBXSourcesBuildPhase section */

/* Begin XCBuildConfiguration section */
		6D50F40427F0FB7C00627394 /* Debug */ = {
			isa = XCBuildConfiguration;
			buildSettings = {
				ALWAYS_SEARCH_USER_PATHS = NO;
				CLANG_ANALYZER_NONNULL = YES;
				CLANG_ANALYZER_NUMBER_OBJECT_CONVERSION = YES_AGGRESSIVE;
				CLANG_CXX_LANGUAGE_STANDARD = "gnu++17";
				CLANG_ENABLE_MODULES = YES;
				CLANG_ENABLE_OBJC_ARC = YES;
				CLANG_ENABLE_OBJC_WEAK = YES;
				CLANG_WARN_BLOCK_CAPTURE_AUTORELEASING = YES;
				CLANG_WARN_BOOL_CONVERSION = YES;
				CLANG_WARN_COMMA = YES;
				CLANG_WARN_CONSTANT_CONVERSION = YES;
				CLANG_WARN_DEPRECATED_OBJC_IMPLEMENTATIONS = YES;
				CLANG_WARN_DIRECT_OBJC_ISA_USAGE = YES_ERROR;
				CLANG_WARN_DOCUMENTATION_COMMENTS = YES;
				CLANG_WARN_EMPTY_BODY = YES;
				CLANG_WARN_ENUM_CONVERSION = YES;
				CLANG_WARN_INFINITE_RECURSION = YES;
				CLANG_WARN_INT_CONVERSION = YES;
				CLANG_WARN_NON_LITERAL_NULL_CONVERSION = YES;
				CLANG_WARN_OBJC_IMPLICIT_RETAIN_SELF = YES;
				CLANG_WARN_OBJC_LITERAL_CONVERSION = YES;
				CLANG_WARN_OBJC_ROOT_CLASS = YES_ERROR;
				CLANG_WARN_QUOTED_INCLUDE_IN_FRAMEWORK_HEADER = YES;
				CLANG_WARN_RANGE_LOOP_ANALYSIS = YES;
				CLANG_WARN_STRICT_PROTOTYPES = YES;
				CLANG_WARN_SUSPICIOUS_MOVE = YES;
				CLANG_WARN_UNGUARDED_AVAILABILITY = YES_AGGRESSIVE;
				CLANG_WARN_UNREACHABLE_CODE = YES;
				CLANG_WARN__DUPLICATE_METHOD_MATCH = YES;
				COPY_PHASE_STRIP = NO;
				DEBUG_INFORMATION_FORMAT = dwarf;
				ENABLE_STRICT_OBJC_MSGSEND = YES;
				ENABLE_TESTABILITY = YES;
				GCC_C_LANGUAGE_STANDARD = gnu11;
				GCC_DYNAMIC_NO_PIC = NO;
				GCC_NO_COMMON_BLOCKS = YES;
				GCC_OPTIMIZATION_LEVEL = 0;
				GCC_PREPROCESSOR_DEFINITIONS = (
					"DEBUG=1",
					"$(inherited)",
				);
				GCC_WARN_64_TO_32_BIT_CONVERSION = YES;
				GCC_WARN_ABOUT_RETURN_TYPE = YES_ERROR;
				GCC_WARN_UNDECLARED_SELECTOR = YES;
				GCC_WARN_UNINITIALIZED_AUTOS = YES_AGGRESSIVE;
				GCC_WARN_UNUSED_FUNCTION = YES;
				GCC_WARN_UNUSED_VARIABLE = YES;
				IPHONEOS_DEPLOYMENT_TARGET = 15.2;
				MTL_ENABLE_DEBUG_INFO = INCLUDE_SOURCE;
				MTL_FAST_MATH = YES;
				ONLY_ACTIVE_ARCH = YES;
				SDKROOT = iphoneos;
				SWIFT_ACTIVE_COMPILATION_CONDITIONS = DEBUG;
				SWIFT_OPTIMIZATION_LEVEL = "-Onone";
			};
			name = Debug;
		};
		6D50F40527F0FB7C00627394 /* Release */ = {
			isa = XCBuildConfiguration;
			buildSettings = {
				ALWAYS_SEARCH_USER_PATHS = NO;
				CLANG_ANALYZER_NONNULL = YES;
				CLANG_ANALYZER_NUMBER_OBJECT_CONVERSION = YES_AGGRESSIVE;
				CLANG_CXX_LANGUAGE_STANDARD = "gnu++17";
				CLANG_ENABLE_MODULES = YES;
				CLANG_ENABLE_OBJC_ARC = YES;
				CLANG_ENABLE_OBJC_WEAK = YES;
				CLANG_WARN_BLOCK_CAPTURE_AUTORELEASING = YES;
				CLANG_WARN_BOOL_CONVERSION = YES;
				CLANG_WARN_COMMA = YES;
				CLANG_WARN_CONSTANT_CONVERSION = YES;
				CLANG_WARN_DEPRECATED_OBJC_IMPLEMENTATIONS = YES;
				CLANG_WARN_DIRECT_OBJC_ISA_USAGE = YES_ERROR;
				CLANG_WARN_DOCUMENTATION_COMMENTS = YES;
				CLANG_WARN_EMPTY_BODY = YES;
				CLANG_WARN_ENUM_CONVERSION = YES;
				CLANG_WARN_INFINITE_RECURSION = YES;
				CLANG_WARN_INT_CONVERSION = YES;
				CLANG_WARN_NON_LITERAL_NULL_CONVERSION = YES;
				CLANG_WARN_OBJC_IMPLICIT_RETAIN_SELF = YES;
				CLANG_WARN_OBJC_LITERAL_CONVERSION = YES;
				CLANG_WARN_OBJC_ROOT_CLASS = YES_ERROR;
				CLANG_WARN_QUOTED_INCLUDE_IN_FRAMEWORK_HEADER = YES;
				CLANG_WARN_RANGE_LOOP_ANALYSIS = YES;
				CLANG_WARN_STRICT_PROTOTYPES = YES;
				CLANG_WARN_SUSPICIOUS_MOVE = YES;
				CLANG_WARN_UNGUARDED_AVAILABILITY = YES_AGGRESSIVE;
				CLANG_WARN_UNREACHABLE_CODE = YES;
				CLANG_WARN__DUPLICATE_METHOD_MATCH = YES;
				COPY_PHASE_STRIP = NO;
				DEBUG_INFORMATION_FORMAT = "dwarf-with-dsym";
				ENABLE_NS_ASSERTIONS = NO;
				ENABLE_STRICT_OBJC_MSGSEND = YES;
				GCC_C_LANGUAGE_STANDARD = gnu11;
				GCC_NO_COMMON_BLOCKS = YES;
				GCC_WARN_64_TO_32_BIT_CONVERSION = YES;
				GCC_WARN_ABOUT_RETURN_TYPE = YES_ERROR;
				GCC_WARN_UNDECLARED_SELECTOR = YES;
				GCC_WARN_UNINITIALIZED_AUTOS = YES_AGGRESSIVE;
				GCC_WARN_UNUSED_FUNCTION = YES;
				GCC_WARN_UNUSED_VARIABLE = YES;
				IPHONEOS_DEPLOYMENT_TARGET = 15.2;
				MTL_ENABLE_DEBUG_INFO = NO;
				MTL_FAST_MATH = YES;
				SDKROOT = iphoneos;
				SWIFT_COMPILATION_MODE = wholemodule;
				SWIFT_OPTIMIZATION_LEVEL = "-O";
				VALIDATE_PRODUCT = YES;
			};
			name = Release;
		};
		6D50F40727F0FB7C00627394 /* Debug */ = {
			isa = XCBuildConfiguration;
			buildSettings = {
				ASSETCATALOG_COMPILER_APPICON_NAME = AppIcon;
				ASSETCATALOG_COMPILER_GLOBAL_ACCENT_COLOR_NAME = AccentColor;
				CODE_SIGN_STYLE = Automatic;
				CURRENT_PROJECT_VERSION = 1;
				DEVELOPMENT_TEAM = PVFP84ZUS3;
				GENERATE_INFOPLIST_FILE = YES;
				INFOPLIST_FILE = SharePay/Info.plist;
				INFOPLIST_KEY_UIApplicationSupportsIndirectInputEvents = YES;
				INFOPLIST_KEY_UILaunchStoryboardName = LaunchScreen;
				INFOPLIST_KEY_UISupportedInterfaceOrientations_iPad = "UIInterfaceOrientationPortrait UIInterfaceOrientationPortraitUpsideDown UIInterfaceOrientationLandscapeLeft UIInterfaceOrientationLandscapeRight";
				INFOPLIST_KEY_UISupportedInterfaceOrientations_iPhone = "UIInterfaceOrientationPortrait UIInterfaceOrientationLandscapeLeft UIInterfaceOrientationLandscapeRight";
				IPHONEOS_DEPLOYMENT_TARGET = 15.2;
				LD_RUNPATH_SEARCH_PATHS = (
					"$(inherited)",
					"@executable_path/Frameworks",
				);
				MARKETING_VERSION = 1.0;
				PRODUCT_BUNDLE_IDENTIFIER = dekholod.SharePay;
				PRODUCT_NAME = "$(TARGET_NAME)";
				SWIFT_EMIT_LOC_STRINGS = YES;
				SWIFT_VERSION = 5.0;
				TARGETED_DEVICE_FAMILY = 1;
			};
			name = Debug;
		};
		6D50F40827F0FB7C00627394 /* Release */ = {
			isa = XCBuildConfiguration;
			buildSettings = {
				ASSETCATALOG_COMPILER_APPICON_NAME = AppIcon;
				ASSETCATALOG_COMPILER_GLOBAL_ACCENT_COLOR_NAME = AccentColor;
				CODE_SIGN_STYLE = Automatic;
				CURRENT_PROJECT_VERSION = 1;
				DEVELOPMENT_TEAM = PVFP84ZUS3;
				GENERATE_INFOPLIST_FILE = YES;
				INFOPLIST_FILE = SharePay/Info.plist;
				INFOPLIST_KEY_UIApplicationSupportsIndirectInputEvents = YES;
				INFOPLIST_KEY_UILaunchStoryboardName = LaunchScreen;
				INFOPLIST_KEY_UISupportedInterfaceOrientations_iPad = "UIInterfaceOrientationPortrait UIInterfaceOrientationPortraitUpsideDown UIInterfaceOrientationLandscapeLeft UIInterfaceOrientationLandscapeRight";
				INFOPLIST_KEY_UISupportedInterfaceOrientations_iPhone = "UIInterfaceOrientationPortrait UIInterfaceOrientationLandscapeLeft UIInterfaceOrientationLandscapeRight";
				IPHONEOS_DEPLOYMENT_TARGET = 15.2;
				LD_RUNPATH_SEARCH_PATHS = (
					"$(inherited)",
					"@executable_path/Frameworks",
				);
				MARKETING_VERSION = 1.0;
				PRODUCT_BUNDLE_IDENTIFIER = dekholod.SharePay;
				PRODUCT_NAME = "$(TARGET_NAME)";
				SWIFT_EMIT_LOC_STRINGS = YES;
				SWIFT_VERSION = 5.0;
				TARGETED_DEVICE_FAMILY = 1;
			};
			name = Release;
		};
/* End XCBuildConfiguration section */

/* Begin XCConfigurationList section */
		6D50F3ED27F0FB7B00627394 /* Build configuration list for PBXProject "SharePay" */ = {
			isa = XCConfigurationList;
			buildConfigurations = (
				6D50F40427F0FB7C00627394 /* Debug */,
				6D50F40527F0FB7C00627394 /* Release */,
			);
			defaultConfigurationIsVisible = 0;
			defaultConfigurationName = Release;
		};
		6D50F40627F0FB7C00627394 /* Build configuration list for PBXNativeTarget "SharePay" */ = {
			isa = XCConfigurationList;
			buildConfigurations = (
				6D50F40727F0FB7C00627394 /* Debug */,
				6D50F40827F0FB7C00627394 /* Release */,
			);
			defaultConfigurationIsVisible = 0;
			defaultConfigurationName = Release;
		};
/* End XCConfigurationList section */
	};
	rootObject = 6D50F3EA27F0FB7B00627394 /* Project object */;
}
