// !$*UTF8*$!
{
	archiveVersion = 1;
	classes = {
	};
	objectVersion = 55;
	objects = {

/* Begin PBXBuildFile section */
		3672B45127F22C9900A735B1 /* SMSCodeViewController.swift in Sources */ = {isa = PBXBuildFile; fileRef = 3672B45027F22C9900A735B1 /* SMSCodeViewController.swift */; };
		3672B46027F234EB00A735B1 /* GTEestiProText-Medium.ttf in Resources */ = {isa = PBXBuildFile; fileRef = 3672B45827F234AA00A735B1 /* GTEestiProText-Medium.ttf */; };
		3672B46127F234EB00A735B1 /* GTEestiProDisplay-Bold.ttf in Resources */ = {isa = PBXBuildFile; fileRef = 3672B45427F2347A00A735B1 /* GTEestiProDisplay-Bold.ttf */; };
		3672B46227F234EB00A735B1 /* GTEestiProText-Bold.ttf in Resources */ = {isa = PBXBuildFile; fileRef = 3672B45727F2349E00A735B1 /* GTEestiProText-Bold.ttf */; };
		3672B46327F234EB00A735B1 /* GTEestiProDisplay-UltraBold.ttf in Resources */ = {isa = PBXBuildFile; fileRef = 3672B45627F2349400A735B1 /* GTEestiProDisplay-UltraBold.ttf */; };
		3672B46427F234EB00A735B1 /* GTEestiProDisplay-Medium.ttf in Resources */ = {isa = PBXBuildFile; fileRef = 3672B45527F2348700A735B1 /* GTEestiProDisplay-Medium.ttf */; };
		3672B46527F234EB00A735B1 /* GTEestiProText-Regular.ttf in Resources */ = {isa = PBXBuildFile; fileRef = 3672B45927F234B100A735B1 /* GTEestiProText-Regular.ttf */; };
		3672B46827F2378400A735B1 /* UIColorFromHex.swift in Sources */ = {isa = PBXBuildFile; fileRef = 3672B46727F2378400A735B1 /* UIColorFromHex.swift */; };
		3672B46C27F24DF200A735B1 /* KAPinField in Frameworks */ = {isa = PBXBuildFile; productRef = 3672B46B27F24DF200A735B1 /* KAPinField */; };
		6D31126627F0FCCE004FF26E /* .gitignore in Resources */ = {isa = PBXBuildFile; fileRef = 6D31126527F0FCCE004FF26E /* .gitignore */; };
		6D50F3F627F0FB7B00627394 /* AppDelegate.swift in Sources */ = {isa = PBXBuildFile; fileRef = 6D50F3F527F0FB7B00627394 /* AppDelegate.swift */; };
		6D50F3F827F0FB7B00627394 /* SceneDelegate.swift in Sources */ = {isa = PBXBuildFile; fileRef = 6D50F3F727F0FB7B00627394 /* SceneDelegate.swift */; };
		6D50F3FA27F0FB7B00627394 /* ViewController.swift in Sources */ = {isa = PBXBuildFile; fileRef = 6D50F3F927F0FB7B00627394 /* ViewController.swift */; };
		6D50F3FD27F0FB7B00627394 /* Main.storyboard in Resources */ = {isa = PBXBuildFile; fileRef = 6D50F3FB27F0FB7B00627394 /* Main.storyboard */; };
		6D50F3FF27F0FB7C00627394 /* Assets.xcassets in Resources */ = {isa = PBXBuildFile; fileRef = 6D50F3FE27F0FB7C00627394 /* Assets.xcassets */; };
		6D50F40227F0FB7C00627394 /* LaunchScreen.storyboard in Resources */ = {isa = PBXBuildFile; fileRef = 6D50F40027F0FB7C00627394 /* LaunchScreen.storyboard */; };
/* End PBXBuildFile section */

/* Begin PBXFileReference section */
		3672B45027F22C9900A735B1 /* SMSCodeViewController.swift */ = {isa = PBXFileReference; lastKnownFileType = sourcecode.swift; path = SMSCodeViewController.swift; sourceTree = "<group>"; };
		3672B45427F2347A00A735B1 /* GTEestiProDisplay-Bold.ttf */ = {isa = PBXFileReference; lastKnownFileType = file; name = "GTEestiProDisplay-Bold.ttf"; path = "../../../../../../Downloads/font/GTEestiProDisplay-Bold.ttf"; sourceTree = "<group>"; };
		3672B45527F2348700A735B1 /* GTEestiProDisplay-Medium.ttf */ = {isa = PBXFileReference; lastKnownFileType = file; name = "GTEestiProDisplay-Medium.ttf"; path = "../../../../../../Downloads/font/GTEestiProDisplay-Medium.ttf"; sourceTree = "<group>"; };
		3672B45627F2349400A735B1 /* GTEestiProDisplay-UltraBold.ttf */ = {isa = PBXFileReference; lastKnownFileType = file; name = "GTEestiProDisplay-UltraBold.ttf"; path = "../../../../../../Downloads/font/GTEestiProDisplay-UltraBold.ttf"; sourceTree = "<group>"; };
		3672B45727F2349E00A735B1 /* GTEestiProText-Bold.ttf */ = {isa = PBXFileReference; lastKnownFileType = file; name = "GTEestiProText-Bold.ttf"; path = "../../../../../../Downloads/font/GTEestiProText-Bold.ttf"; sourceTree = "<group>"; };
		3672B45827F234AA00A735B1 /* GTEestiProText-Medium.ttf */ = {isa = PBXFileReference; lastKnownFileType = file; name = "GTEestiProText-Medium.ttf"; path = "../../../../../../Downloads/font/GTEestiProText-Medium.ttf"; sourceTree = "<group>"; };
		3672B45927F234B100A735B1 /* GTEestiProText-Regular.ttf */ = {isa = PBXFileReference; lastKnownFileType = file; name = "GTEestiProText-Regular.ttf"; path = "../../../../../../Downloads/font/GTEestiProText-Regular.ttf"; sourceTree = "<group>"; };
		3672B46727F2378400A735B1 /* UIColorFromHex.swift */ = {isa = PBXFileReference; lastKnownFileType = sourcecode.swift; path = UIColorFromHex.swift; sourceTree = "<group>"; };
		6D31126527F0FCCE004FF26E /* .gitignore */ = {isa = PBXFileReference; lastKnownFileType = text; path = .gitignore; sourceTree = "<group>"; };
		6D50F3F227F0FB7B00627394 /* SharePay.app */ = {isa = PBXFileReference; explicitFileType = wrapper.application; includeInIndex = 0; path = SharePay.app; sourceTree = BUILT_PRODUCTS_DIR; };
		6D50F3F527F0FB7B00627394 /* AppDelegate.swift */ = {isa = PBXFileReference; lastKnownFileType = sourcecode.swift; path = AppDelegate.swift; sourceTree = "<group>"; };
		6D50F3F727F0FB7B00627394 /* SceneDelegate.swift */ = {isa = PBXFileReference; lastKnownFileType = sourcecode.swift; path = SceneDelegate.swift; sourceTree = "<group>"; };
		6D50F3F927F0FB7B00627394 /* ViewController.swift */ = {isa = PBXFileReference; lastKnownFileType = sourcecode.swift; path = ViewController.swift; sourceTree = "<group>"; };
		6D50F3FC27F0FB7B00627394 /* Base */ = {isa = PBXFileReference; lastKnownFileType = file.storyboard; name = Base; path = Base.lproj/Main.storyboard; sourceTree = "<group>"; };
		6D50F3FE27F0FB7C00627394 /* Assets.xcassets */ = {isa = PBXFileReference; lastKnownFileType = folder.assetcatalog; path = Assets.xcassets; sourceTree = "<group>"; };
		6D50F40127F0FB7C00627394 /* Base */ = {isa = PBXFileReference; lastKnownFileType = file.storyboard; name = Base; path = Base.lproj/LaunchScreen.storyboard; sourceTree = "<group>"; };
		6D50F40327F0FB7C00627394 /* Info.plist */ = {isa = PBXFileReference; lastKnownFileType = text.plist.xml; path = Info.plist; sourceTree = "<group>"; };
/* End PBXFileReference section */

/* Begin PBXFrameworksBuildPhase section */
		6D50F3EF27F0FB7B00627394 /* Frameworks */ = {
			isa = PBXFrameworksBuildPhase;
			buildActionMask = 2147483647;
			files = (
				3672B46C27F24DF200A735B1 /* KAPinField in Frameworks */,
			);
			runOnlyForDeploymentPostprocessing = 0;
		};
/* End PBXFrameworksBuildPhase section */

/* Begin PBXGroup section */
		3672B44B27F22BAD00A735B1 /* SMSAuth */ = {
			isa = PBXGroup;
			children = (
				3672B44F27F22C8400A735B1 /* Code */,
			);
			path = SMSAuth;
			sourceTree = "<group>";
		};
		3672B44F27F22C8400A735B1 /* Code */ = {
			isa = PBXGroup;
			children = (
				3672B45027F22C9900A735B1 /* SMSCodeViewController.swift */,
			);
			path = Code;
			sourceTree = "<group>";
		};
		3672B45227F233C200A735B1 /* Source */ = {
			isa = PBXGroup;
			children = (
				3672B46627F2374400A735B1 /* Helpers */,
				3672B45327F233D900A735B1 /* Fonts */,
			);
			path = Source;
			sourceTree = "<group>";
		};
		3672B45327F233D900A735B1 /* Fonts */ = {
			isa = PBXGroup;
			children = (
				3672B45927F234B100A735B1 /* GTEestiProText-Regular.ttf */,
				3672B45827F234AA00A735B1 /* GTEestiProText-Medium.ttf */,
				3672B45727F2349E00A735B1 /* GTEestiProText-Bold.ttf */,
				3672B45627F2349400A735B1 /* GTEestiProDisplay-UltraBold.ttf */,
				3672B45527F2348700A735B1 /* GTEestiProDisplay-Medium.ttf */,
				3672B45427F2347A00A735B1 /* GTEestiProDisplay-Bold.ttf */,
			);
			path = Fonts;
			sourceTree = "<group>";
		};
		3672B46627F2374400A735B1 /* Helpers */ = {
			isa = PBXGroup;
			children = (
				3672B46727F2378400A735B1 /* UIColorFromHex.swift */,
			);
			path = Helpers;
			sourceTree = "<group>";
		};
		6D50F3E927F0FB7B00627394 = {
			isa = PBXGroup;
			children = (
				6D31126527F0FCCE004FF26E /* .gitignore */,
				6D50F3F427F0FB7B00627394 /* SharePay */,
				6D50F3F327F0FB7B00627394 /* Products */,
			);
			sourceTree = "<group>";
		};
		6D50F3F327F0FB7B00627394 /* Products */ = {
			isa = PBXGroup;
			children = (
				6D50F3F227F0FB7B00627394 /* SharePay.app */,
			);
			name = Products;
			sourceTree = "<group>";
		};
		6D50F3F427F0FB7B00627394 /* SharePay */ = {
			isa = PBXGroup;
			children = (
				3672B45227F233C200A735B1 /* Source */,
				3672B44B27F22BAD00A735B1 /* SMSAuth */,
				6D50F3F527F0FB7B00627394 /* AppDelegate.swift */,
				6D50F3F727F0FB7B00627394 /* SceneDelegate.swift */,
				6D50F3F927F0FB7B00627394 /* ViewController.swift */,
				6D50F3FB27F0FB7B00627394 /* Main.storyboard */,
				6D50F3FE27F0FB7C00627394 /* Assets.xcassets */,
				6D50F40027F0FB7C00627394 /* LaunchScreen.storyboard */,
				6D50F40327F0FB7C00627394 /* Info.plist */,
			);
			path = SharePay;
			sourceTree = "<group>";
		};
/* End PBXGroup section */

/* Begin PBXNativeTarget section */
		6D50F3F127F0FB7B00627394 /* SharePay */ = {
			isa = PBXNativeTarget;
			buildConfigurationList = 6D50F40627F0FB7C00627394 /* Build configuration list for PBXNativeTarget "SharePay" */;
			buildPhases = (
				6D50F3EE27F0FB7B00627394 /* Sources */,
				6D50F3EF27F0FB7B00627394 /* Frameworks */,
				6D50F3F027F0FB7B00627394 /* Resources */,
			);
			buildRules = (
			);
			dependencies = (
			);
			name = SharePay;
			packageProductDependencies = (
				3672B46B27F24DF200A735B1 /* KAPinField */,
			);
			productName = SharePay;
			productReference = 6D50F3F227F0FB7B00627394 /* SharePay.app */;
			productType = "com.apple.product-type.application";
		};
/* End PBXNativeTarget section */

/* Begin PBXProject section */
		6D50F3EA27F0FB7B00627394 /* Project object */ = {
			isa = PBXProject;
			attributes = {
				BuildIndependentTargetsInParallel = 1;
				LastSwiftUpdateCheck = 1330;
				LastUpgradeCheck = 1330;
				TargetAttributes = {
					6D50F3F127F0FB7B00627394 = {
						CreatedOnToolsVersion = 13.3;
					};
				};
			};
			buildConfigurationList = 6D50F3ED27F0FB7B00627394 /* Build configuration list for PBXProject "SharePay" */;
			compatibilityVersion = "Xcode 13.0";
			developmentRegion = en;
			hasScannedForEncodings = 0;
			knownRegions = (
				en,
				Base,
			);
			mainGroup = 6D50F3E927F0FB7B00627394;
			packageReferences = (
				3672B46A27F24DF200A735B1 /* XCRemoteSwiftPackageReference "KAPinField" */,
			);
			productRefGroup = 6D50F3F327F0FB7B00627394 /* Products */;
			projectDirPath = "";
			projectRoot = "";
			targets = (
				6D50F3F127F0FB7B00627394 /* SharePay */,
			);
		};
/* End PBXProject section */

/* Begin PBXResourcesBuildPhase section */
		6D50F3F027F0FB7B00627394 /* Resources */ = {
			isa = PBXResourcesBuildPhase;
			buildActionMask = 2147483647;
			files = (
				6D31126627F0FCCE004FF26E /* .gitignore in Resources */,
				3672B46227F234EB00A735B1 /* GTEestiProText-Bold.ttf in Resources */,
				3672B46527F234EB00A735B1 /* GTEestiProText-Regular.ttf in Resources */,
				6D50F40227F0FB7C00627394 /* LaunchScreen.storyboard in Resources */,
				3672B46127F234EB00A735B1 /* GTEestiProDisplay-Bold.ttf in Resources */,
				6D50F3FF27F0FB7C00627394 /* Assets.xcassets in Resources */,
				3672B46327F234EB00A735B1 /* GTEestiProDisplay-UltraBold.ttf in Resources */,
				3672B46027F234EB00A735B1 /* GTEestiProText-Medium.ttf in Resources */,
				3672B46427F234EB00A735B1 /* GTEestiProDisplay-Medium.ttf in Resources */,
				6D50F3FD27F0FB7B00627394 /* Main.storyboard in Resources */,
			);
			runOnlyForDeploymentPostprocessing = 0;
		};
/* End PBXResourcesBuildPhase section */

/* Begin PBXSourcesBuildPhase section */
		6D50F3EE27F0FB7B00627394 /* Sources */ = {
			isa = PBXSourcesBuildPhase;
			buildActionMask = 2147483647;
			files = (
				6D50F3FA27F0FB7B00627394 /* ViewController.swift in Sources */,
				6D50F3F627F0FB7B00627394 /* AppDelegate.swift in Sources */,
				6D50F3F827F0FB7B00627394 /* SceneDelegate.swift in Sources */,
				3672B45127F22C9900A735B1 /* SMSCodeViewController.swift in Sources */,
				3672B46827F2378400A735B1 /* UIColorFromHex.swift in Sources */,
			);
			runOnlyForDeploymentPostprocessing = 0;
		};
/* End PBXSourcesBuildPhase section */

/* Begin PBXVariantGroup section */
		6D50F3FB27F0FB7B00627394 /* Main.storyboard */ = {
			isa = PBXVariantGroup;
			children = (
				6D50F3FC27F0FB7B00627394 /* Base */,
			);
			name = Main.storyboard;
			sourceTree = "<group>";
		};
		6D50F40027F0FB7C00627394 /* LaunchScreen.storyboard */ = {
			isa = PBXVariantGroup;
			children = (
				6D50F40127F0FB7C00627394 /* Base */,
			);
			name = LaunchScreen.storyboard;
			sourceTree = "<group>";
		};
/* End PBXVariantGroup section */

/* Begin XCBuildConfiguration section */
		6D50F40427F0FB7C00627394 /* Debug */ = {
			isa = XCBuildConfiguration;
			buildSettings = {
				ALWAYS_SEARCH_USER_PATHS = NO;
				CLANG_ANALYZER_NONNULL = YES;
				CLANG_ANALYZER_NUMBER_OBJECT_CONVERSION = YES_AGGRESSIVE;
				CLANG_CXX_LANGUAGE_STANDARD = "gnu++17";
				CLANG_ENABLE_MODULES = YES;
				CLANG_ENABLE_OBJC_ARC = YES;
				CLANG_ENABLE_OBJC_WEAK = YES;
				CLANG_WARN_BLOCK_CAPTURE_AUTORELEASING = YES;
				CLANG_WARN_BOOL_CONVERSION = YES;
				CLANG_WARN_COMMA = YES;
				CLANG_WARN_CONSTANT_CONVERSION = YES;
				CLANG_WARN_DEPRECATED_OBJC_IMPLEMENTATIONS = YES;
				CLANG_WARN_DIRECT_OBJC_ISA_USAGE = YES_ERROR;
				CLANG_WARN_DOCUMENTATION_COMMENTS = YES;
				CLANG_WARN_EMPTY_BODY = YES;
				CLANG_WARN_ENUM_CONVERSION = YES;
				CLANG_WARN_INFINITE_RECURSION = YES;
				CLANG_WARN_INT_CONVERSION = YES;
				CLANG_WARN_NON_LITERAL_NULL_CONVERSION = YES;
				CLANG_WARN_OBJC_IMPLICIT_RETAIN_SELF = YES;
				CLANG_WARN_OBJC_LITERAL_CONVERSION = YES;
				CLANG_WARN_OBJC_ROOT_CLASS = YES_ERROR;
				CLANG_WARN_QUOTED_INCLUDE_IN_FRAMEWORK_HEADER = YES;
				CLANG_WARN_RANGE_LOOP_ANALYSIS = YES;
				CLANG_WARN_STRICT_PROTOTYPES = YES;
				CLANG_WARN_SUSPICIOUS_MOVE = YES;
				CLANG_WARN_UNGUARDED_AVAILABILITY = YES_AGGRESSIVE;
				CLANG_WARN_UNREACHABLE_CODE = YES;
				CLANG_WARN__DUPLICATE_METHOD_MATCH = YES;
				COPY_PHASE_STRIP = NO;
				DEBUG_INFORMATION_FORMAT = dwarf;
				ENABLE_STRICT_OBJC_MSGSEND = YES;
				ENABLE_TESTABILITY = YES;
				GCC_C_LANGUAGE_STANDARD = gnu11;
				GCC_DYNAMIC_NO_PIC = NO;
				GCC_NO_COMMON_BLOCKS = YES;
				GCC_OPTIMIZATION_LEVEL = 0;
				GCC_PREPROCESSOR_DEFINITIONS = (
					"DEBUG=1",
					"$(inherited)",
				);
				GCC_WARN_64_TO_32_BIT_CONVERSION = YES;
				GCC_WARN_ABOUT_RETURN_TYPE = YES_ERROR;
				GCC_WARN_UNDECLARED_SELECTOR = YES;
				GCC_WARN_UNINITIALIZED_AUTOS = YES_AGGRESSIVE;
				GCC_WARN_UNUSED_FUNCTION = YES;
				GCC_WARN_UNUSED_VARIABLE = YES;
				IPHONEOS_DEPLOYMENT_TARGET = 15.4;
				MTL_ENABLE_DEBUG_INFO = INCLUDE_SOURCE;
				MTL_FAST_MATH = YES;
				ONLY_ACTIVE_ARCH = YES;
				SDKROOT = iphoneos;
				SWIFT_ACTIVE_COMPILATION_CONDITIONS = DEBUG;
				SWIFT_OPTIMIZATION_LEVEL = "-Onone";
			};
			name = Debug;
		};
		6D50F40527F0FB7C00627394 /* Release */ = {
			isa = XCBuildConfiguration;
			buildSettings = {
				ALWAYS_SEARCH_USER_PATHS = NO;
				CLANG_ANALYZER_NONNULL = YES;
				CLANG_ANALYZER_NUMBER_OBJECT_CONVERSION = YES_AGGRESSIVE;
				CLANG_CXX_LANGUAGE_STANDARD = "gnu++17";
				CLANG_ENABLE_MODULES = YES;
				CLANG_ENABLE_OBJC_ARC = YES;
				CLANG_ENABLE_OBJC_WEAK = YES;
				CLANG_WARN_BLOCK_CAPTURE_AUTORELEASING = YES;
				CLANG_WARN_BOOL_CONVERSION = YES;
				CLANG_WARN_COMMA = YES;
				CLANG_WARN_CONSTANT_CONVERSION = YES;
				CLANG_WARN_DEPRECATED_OBJC_IMPLEMENTATIONS = YES;
				CLANG_WARN_DIRECT_OBJC_ISA_USAGE = YES_ERROR;
				CLANG_WARN_DOCUMENTATION_COMMENTS = YES;
				CLANG_WARN_EMPTY_BODY = YES;
				CLANG_WARN_ENUM_CONVERSION = YES;
				CLANG_WARN_INFINITE_RECURSION = YES;
				CLANG_WARN_INT_CONVERSION = YES;
				CLANG_WARN_NON_LITERAL_NULL_CONVERSION = YES;
				CLANG_WARN_OBJC_IMPLICIT_RETAIN_SELF = YES;
				CLANG_WARN_OBJC_LITERAL_CONVERSION = YES;
				CLANG_WARN_OBJC_ROOT_CLASS = YES_ERROR;
				CLANG_WARN_QUOTED_INCLUDE_IN_FRAMEWORK_HEADER = YES;
				CLANG_WARN_RANGE_LOOP_ANALYSIS = YES;
				CLANG_WARN_STRICT_PROTOTYPES = YES;
				CLANG_WARN_SUSPICIOUS_MOVE = YES;
				CLANG_WARN_UNGUARDED_AVAILABILITY = YES_AGGRESSIVE;
				CLANG_WARN_UNREACHABLE_CODE = YES;
				CLANG_WARN__DUPLICATE_METHOD_MATCH = YES;
				COPY_PHASE_STRIP = NO;
				DEBUG_INFORMATION_FORMAT = "dwarf-with-dsym";
				ENABLE_NS_ASSERTIONS = NO;
				ENABLE_STRICT_OBJC_MSGSEND = YES;
				GCC_C_LANGUAGE_STANDARD = gnu11;
				GCC_NO_COMMON_BLOCKS = YES;
				GCC_WARN_64_TO_32_BIT_CONVERSION = YES;
				GCC_WARN_ABOUT_RETURN_TYPE = YES_ERROR;
				GCC_WARN_UNDECLARED_SELECTOR = YES;
				GCC_WARN_UNINITIALIZED_AUTOS = YES_AGGRESSIVE;
				GCC_WARN_UNUSED_FUNCTION = YES;
				GCC_WARN_UNUSED_VARIABLE = YES;
				IPHONEOS_DEPLOYMENT_TARGET = 15.4;
				MTL_ENABLE_DEBUG_INFO = NO;
				MTL_FAST_MATH = YES;
				SDKROOT = iphoneos;
				SWIFT_COMPILATION_MODE = wholemodule;
				SWIFT_OPTIMIZATION_LEVEL = "-O";
				VALIDATE_PRODUCT = YES;
			};
			name = Release;
		};
		6D50F40727F0FB7C00627394 /* Debug */ = {
			isa = XCBuildConfiguration;
			buildSettings = {
				ASSETCATALOG_COMPILER_APPICON_NAME = AppIcon;
				ASSETCATALOG_COMPILER_GLOBAL_ACCENT_COLOR_NAME = AccentColor;
				CODE_SIGN_STYLE = Automatic;
				CURRENT_PROJECT_VERSION = 1;
				DEVELOPMENT_TEAM = 5GK82H92HM;
				GENERATE_INFOPLIST_FILE = YES;
				INFOPLIST_FILE = SharePay/Info.plist;
				INFOPLIST_KEY_UIApplicationSupportsIndirectInputEvents = YES;
				INFOPLIST_KEY_UILaunchStoryboardName = LaunchScreen;
				INFOPLIST_KEY_UIMainStoryboardFile = Main;
				INFOPLIST_KEY_UISupportedInterfaceOrientations = "";
				INFOPLIST_KEY_UISupportedInterfaceOrientations_iPad = "UIInterfaceOrientationPortrait UIInterfaceOrientationPortraitUpsideDown UIInterfaceOrientationLandscapeLeft UIInterfaceOrientationLandscapeRight";
				INFOPLIST_KEY_UISupportedInterfaceOrientations_iPhone = "UIInterfaceOrientationPortrait UIInterfaceOrientationLandscapeLeft UIInterfaceOrientationLandscapeRight";
				IPHONEOS_DEPLOYMENT_TARGET = 15.2;
				LD_RUNPATH_SEARCH_PATHS = (
					"$(inherited)",
					"@executable_path/Frameworks",
				);
				MARKETING_VERSION = 1.0;
				PRODUCT_BUNDLE_IDENTIFIER = cringeteam.SharePay;
				PRODUCT_NAME = "$(TARGET_NAME)";
				SWIFT_EMIT_LOC_STRINGS = YES;
				SWIFT_VERSION = 5.0;
				TARGETED_DEVICE_FAMILY = "1,2";
			};
			name = Debug;
		};
		6D50F40827F0FB7C00627394 /* Release */ = {
			isa = XCBuildConfiguration;
			buildSettings = {
				ASSETCATALOG_COMPILER_APPICON_NAME = AppIcon;
				ASSETCATALOG_COMPILER_GLOBAL_ACCENT_COLOR_NAME = AccentColor;
				CODE_SIGN_STYLE = Automatic;
				CURRENT_PROJECT_VERSION = 1;
				GENERATE_INFOPLIST_FILE = YES;
				INFOPLIST_FILE = SharePay/Info.plist;
				INFOPLIST_KEY_UIApplicationSupportsIndirectInputEvents = YES;
				INFOPLIST_KEY_UILaunchStoryboardName = LaunchScreen;
				INFOPLIST_KEY_UIMainStoryboardFile = Main;
				INFOPLIST_KEY_UISupportedInterfaceOrientations = "";
				INFOPLIST_KEY_UISupportedInterfaceOrientations_iPad = "UIInterfaceOrientationPortrait UIInterfaceOrientationPortraitUpsideDown UIInterfaceOrientationLandscapeLeft UIInterfaceOrientationLandscapeRight";
				INFOPLIST_KEY_UISupportedInterfaceOrientations_iPhone = "UIInterfaceOrientationPortrait UIInterfaceOrientationLandscapeLeft UIInterfaceOrientationLandscapeRight";
				IPHONEOS_DEPLOYMENT_TARGET = 15.2;
				LD_RUNPATH_SEARCH_PATHS = (
					"$(inherited)",
					"@executable_path/Frameworks",
				);
				MARKETING_VERSION = 1.0;
				PRODUCT_BUNDLE_IDENTIFIER = cringeteam.SharePay;
				PRODUCT_NAME = "$(TARGET_NAME)";
				SWIFT_EMIT_LOC_STRINGS = YES;
				SWIFT_VERSION = 5.0;
				TARGETED_DEVICE_FAMILY = "1,2";
			};
			name = Release;
		};
/* End XCBuildConfiguration section */

/* Begin XCConfigurationList section */
		6D50F3ED27F0FB7B00627394 /* Build configuration list for PBXProject "SharePay" */ = {
			isa = XCConfigurationList;
			buildConfigurations = (
				6D50F40427F0FB7C00627394 /* Debug */,
				6D50F40527F0FB7C00627394 /* Release */,
			);
			defaultConfigurationIsVisible = 0;
			defaultConfigurationName = Release;
		};
		6D50F40627F0FB7C00627394 /* Build configuration list for PBXNativeTarget "SharePay" */ = {
			isa = XCConfigurationList;
			buildConfigurations = (
				6D50F40727F0FB7C00627394 /* Debug */,
				6D50F40827F0FB7C00627394 /* Release */,
			);
			defaultConfigurationIsVisible = 0;
			defaultConfigurationName = Release;
		};
/* End XCConfigurationList section */

/* Begin XCRemoteSwiftPackageReference section */
		3672B46A27F24DF200A735B1 /* XCRemoteSwiftPackageReference "KAPinField" */ = {
			isa = XCRemoteSwiftPackageReference;
			repositoryURL = "https://github.com/kirualex/KAPinField";
			requirement = {
				kind = upToNextMajorVersion;
				minimumVersion = 5.0.0;
			};
		};
/* End XCRemoteSwiftPackageReference section */

/* Begin XCSwiftPackageProductDependency section */
		3672B46B27F24DF200A735B1 /* KAPinField */ = {
			isa = XCSwiftPackageProductDependency;
			package = 3672B46A27F24DF200A735B1 /* XCRemoteSwiftPackageReference "KAPinField" */;
			productName = KAPinField;
		};
/* End XCSwiftPackageProductDependency section */
	};
	rootObject = 6D50F3EA27F0FB7B00627394 /* Project object */;
}
